
Microsoft Visual Studio Solution File, Format Version 12.00
# Visual Studio Version 17
VisualStudioVersion = 17.3.32804.467
MinimumVisualStudioVersion = 10.0.40219.1
Project("{2150E333-8FDC-42A3-9474-1A3956D46DE8}") = "src", "src", "{520776B4-1D30-4D1A-A2BC-8B25EDEB6B9E}"
EndProject
Project("{2150E333-8FDC-42A3-9474-1A3956D46DE8}") = "corePackages", "corePackages", "{F7C21B39-8A2F-4DC2-9047-4E38B4CD80B8}"
EndProject
Project("{2150E333-8FDC-42A3-9474-1A3956D46DE8}") = "projects", "projects", "{0EECD8BC-2000-451E-BDA6-9BB30A60B4F0}"
EndProject
Project("{2150E333-8FDC-42A3-9474-1A3956D46DE8}") = "kodlamaIoDevs", "kodlamaIoDevs", "{4A1342C1-369F-470D-B7DF-F5CB7D05CC69}"
EndProject
Project("{9A19103F-16F7-4668-BE54-9A1E7A4F7556}") = "Application", "src\projects\kodlamaIoDevs\Application\Application.csproj", "{2965B834-3C4F-4900-903D-07FE331FBFDC}"
EndProject
Project("{9A19103F-16F7-4668-BE54-9A1E7A4F7556}") = "Domain", "src\projects\kodlamaIoDevs\Domain\Domain.csproj", "{68FCD4EE-83EF-4B47-A389-B3E999529261}"
EndProject
Project("{9A19103F-16F7-4668-BE54-9A1E7A4F7556}") = "Infrastructure", "src\projects\kodlamaIoDevs\Infrastructure\Infrastructure.csproj", "{7EF21890-2C0D-4E2D-AE1C-92CB3A472227}"
EndProject
Project("{9A19103F-16F7-4668-BE54-9A1E7A4F7556}") = "Persistence", "src\projects\kodlamaIoDevs\Persistence\Persistence.csproj", "{1AD90924-D249-40EB-AAA3-551681EB5F3F}"
EndProject
Project("{9A19103F-16F7-4668-BE54-9A1E7A4F7556}") = "WebAPI", "src\projects\kodlamaIoDevs\WebAPI\WebAPI.csproj", "{CB1375A6-CE63-4752-9F2F-CA33B2763A67}"
EndProject
Project("{9A19103F-16F7-4668-BE54-9A1E7A4F7556}") = "Core.CrossCuttingConcers", "src\corePackages\Core.CrossCuttingConcers\Core.CrossCuttingConcers.csproj", "{56ACDC5F-88D2-415E-AD8A-183178F632C8}"
EndProject
Project("{9A19103F-16F7-4668-BE54-9A1E7A4F7556}") = "Core.Persistence", "src\corePackages\Core.Persistence\Core.Persistence.csproj", "{E469298B-350B-4D98-A721-5A31433C184A}"
EndProject
Project("{FAE04EC0-301F-11D3-BF4B-00C04F79EFBC}") = "Core.Application", "Core.Application\Core.Application.csproj", "{5CD9FDF2-DEE3-493A-940A-A37E105EBA61}"
EndProject
Global
	GlobalSection(SolutionConfigurationPlatforms) = preSolution
		Debug|Any CPU = Debug|Any CPU
		Release|Any CPU = Release|Any CPU
	EndGlobalSection
	GlobalSection(ProjectConfigurationPlatforms) = postSolution
		{2965B834-3C4F-4900-903D-07FE331FBFDC}.Debug|Any CPU.ActiveCfg = Debug|Any CPU
		{2965B834-3C4F-4900-903D-07FE331FBFDC}.Debug|Any CPU.Build.0 = Debug|Any CPU
		{2965B834-3C4F-4900-903D-07FE331FBFDC}.Release|Any CPU.ActiveCfg = Release|Any CPU
		{2965B834-3C4F-4900-903D-07FE331FBFDC}.Release|Any CPU.Build.0 = Release|Any CPU
		{68FCD4EE-83EF-4B47-A389-B3E999529261}.Debug|Any CPU.ActiveCfg = Debug|Any CPU
		{68FCD4EE-83EF-4B47-A389-B3E999529261}.Debug|Any CPU.Build.0 = Debug|Any CPU
		{68FCD4EE-83EF-4B47-A389-B3E999529261}.Release|Any CPU.ActiveCfg = Release|Any CPU
		{68FCD4EE-83EF-4B47-A389-B3E999529261}.Release|Any CPU.Build.0 = Release|Any CPU
		{7EF21890-2C0D-4E2D-AE1C-92CB3A472227}.Debug|Any CPU.ActiveCfg = Debug|Any CPU
		{7EF21890-2C0D-4E2D-AE1C-92CB3A472227}.Debug|Any CPU.Build.0 = Debug|Any CPU
		{7EF21890-2C0D-4E2D-AE1C-92CB3A472227}.Release|Any CPU.ActiveCfg = Release|Any CPU
		{7EF21890-2C0D-4E2D-AE1C-92CB3A472227}.Release|Any CPU.Build.0 = Release|Any CPU
		{1AD90924-D249-40EB-AAA3-551681EB5F3F}.Debug|Any CPU.ActiveCfg = Debug|Any CPU
		{1AD90924-D249-40EB-AAA3-551681EB5F3F}.Debug|Any CPU.Build.0 = Debug|Any CPU
		{1AD90924-D249-40EB-AAA3-551681EB5F3F}.Release|Any CPU.ActiveCfg = Release|Any CPU
		{1AD90924-D249-40EB-AAA3-551681EB5F3F}.Release|Any CPU.Build.0 = Release|Any CPU
		{CB1375A6-CE63-4752-9F2F-CA33B2763A67}.Debug|Any CPU.ActiveCfg = Debug|Any CPU
		{CB1375A6-CE63-4752-9F2F-CA33B2763A67}.Debug|Any CPU.Build.0 = Debug|Any CPU
		{CB1375A6-CE63-4752-9F2F-CA33B2763A67}.Release|Any CPU.ActiveCfg = Release|Any CPU
		{CB1375A6-CE63-4752-9F2F-CA33B2763A67}.Release|Any CPU.Build.0 = Release|Any CPU
		{56ACDC5F-88D2-415E-AD8A-183178F632C8}.Debug|Any CPU.ActiveCfg = Debug|Any CPU
		{56ACDC5F-88D2-415E-AD8A-183178F632C8}.Debug|Any CPU.Build.0 = Debug|Any CPU
		{56ACDC5F-88D2-415E-AD8A-183178F632C8}.Release|Any CPU.ActiveCfg = Release|Any CPU
		{56ACDC5F-88D2-415E-AD8A-183178F632C8}.Release|Any CPU.Build.0 = Release|Any CPU
		{E469298B-350B-4D98-A721-5A31433C184A}.Debug|Any CPU.ActiveCfg = Debug|Any CPU
		{E469298B-350B-4D98-A721-5A31433C184A}.Debug|Any CPU.Build.0 = Debug|Any CPU
		{E469298B-350B-4D98-A721-5A31433C184A}.Release|Any CPU.ActiveCfg = Release|Any CPU
		{E469298B-350B-4D98-A721-5A31433C184A}.Release|Any CPU.Build.0 = Release|Any CPU
		{5CD9FDF2-DEE3-493A-940A-A37E105EBA61}.Debug|Any CPU.ActiveCfg = Debug|Any CPU
		{5CD9FDF2-DEE3-493A-940A-A37E105EBA61}.Debug|Any CPU.Build.0 = Debug|Any CPU
		{5CD9FDF2-DEE3-493A-940A-A37E105EBA61}.Release|Any CPU.ActiveCfg = Release|Any CPU
		{5CD9FDF2-DEE3-493A-940A-A37E105EBA61}.Release|Any CPU.Build.0 = Release|Any CPU
	EndGlobalSection
	GlobalSection(SolutionProperties) = preSolution
		HideSolutionNode = FALSE
	EndGlobalSection
	GlobalSection(NestedProjects) = preSolution
		{F7C21B39-8A2F-4DC2-9047-4E38B4CD80B8} = {520776B4-1D30-4D1A-A2BC-8B25EDEB6B9E}
		{0EECD8BC-2000-451E-BDA6-9BB30A60B4F0} = {520776B4-1D30-4D1A-A2BC-8B25EDEB6B9E}
		{4A1342C1-369F-470D-B7DF-F5CB7D05CC69} = {0EECD8BC-2000-451E-BDA6-9BB30A60B4F0}
		{2965B834-3C4F-4900-903D-07FE331FBFDC} = {4A1342C1-369F-470D-B7DF-F5CB7D05CC69}
		{68FCD4EE-83EF-4B47-A389-B3E999529261} = {4A1342C1-369F-470D-B7DF-F5CB7D05CC69}
		{7EF21890-2C0D-4E2D-AE1C-92CB3A472227} = {4A1342C1-369F-470D-B7DF-F5CB7D05CC69}
		{1AD90924-D249-40EB-AAA3-551681EB5F3F} = {4A1342C1-369F-470D-B7DF-F5CB7D05CC69}
		{CB1375A6-CE63-4752-9F2F-CA33B2763A67} = {4A1342C1-369F-470D-B7DF-F5CB7D05CC69}
		{56ACDC5F-88D2-415E-AD8A-183178F632C8} = {F7C21B39-8A2F-4DC2-9047-4E38B4CD80B8}
		{E469298B-350B-4D98-A721-5A31433C184A} = {F7C21B39-8A2F-4DC2-9047-4E38B4CD80B8}
		{5CD9FDF2-DEE3-493A-940A-A37E105EBA61} = {F7C21B39-8A2F-4DC2-9047-4E38B4CD80B8}
	EndGlobalSection
	GlobalSection(ExtensibilityGlobals) = postSolution
		SolutionGuid = {C01A2EEF-ED4B-46CE-8BB6-4DC8A7BD9D63}
	EndGlobalSection
EndGlobal
